
Microsoft Visual Studio Solution File, Format Version 12.00
# Visual Studio 15
VisualStudioVersion = 15.0.26124.0
MinimumVisualStudioVersion = 15.0.26124.0
Project("{2150E333-8FDC-42A3-9474-1A3956D46DE8}") = "Algorithms", "Algorithms", "{C2F5AD15-92D6-44A5-9304-1C27050CBE1C}"
EndProject
Project("{2150E333-8FDC-42A3-9474-1A3956D46DE8}") = "Warmup", "Warmup", "{7153413A-4E80-4FE1-BD67-595A077B4B98}"
EndProject
Project("{9A19103F-16F7-4668-BE54-9A1E7A4F7556}") = "DiagonalDifference", "Algorithms\Warmup\DiagonalDifference\DiagonalDifference.csproj", "{EE00AE40-1DE0-45A7-9BFC-B5E45D749251}"
EndProject
Project("{9A19103F-16F7-4668-BE54-9A1E7A4F7556}") = "Staircase", "Algorithms\Warmup\Staircase\Staircase.csproj", "{0B56D45E-EAB6-4B21-81A2-1A9954EED99D}"
EndProject
Project("{9A19103F-16F7-4668-BE54-9A1E7A4F7556}") = "Mini-Max-Sum", "Algorithms\Warmup\Mini-Max-Sum\Mini-Max-Sum.csproj", "{A693E99D-C109-41DC-B0D4-AFF652EE6CD6}"
EndProject
Project("{2150E333-8FDC-42A3-9474-1A3956D46DE8}") = "Solution Items", "Solution Items", "{BB14F3D5-2EC5-4FF5-95D1-646102CD517F}"
	ProjectSection(SolutionItems) = preProject
		.editorconfig = .editorconfig
		.gitignore = .gitignore
	EndProjectSection
EndProject
Project("{FAE04EC0-301F-11D3-BF4B-00C04F79EFBC}") = "GoingToTheOffice", "GoingToTheOffice\GoingToTheOffice.csproj", "{AC1A2F0A-1673-4BC4-BD60-9C2D55016336}"
EndProject
Project("{FAE04EC0-301F-11D3-BF4B-00C04F79EFBC}") = "GoingToTheOffice.Console", "GoingToTheOffice.Console\GoingToTheOffice.Console.csproj", "{E2E31D02-362D-48CB-8CA6-9F215A3ED605}"
EndProject
Global
	GlobalSection(SolutionConfigurationPlatforms) = preSolution
		Debug|Any CPU = Debug|Any CPU
		Release|Any CPU = Release|Any CPU
	EndGlobalSection
	GlobalSection(ProjectConfigurationPlatforms) = postSolution
		{EE00AE40-1DE0-45A7-9BFC-B5E45D749251}.Debug|Any CPU.ActiveCfg = Debug|Any CPU
		{EE00AE40-1DE0-45A7-9BFC-B5E45D749251}.Debug|Any CPU.Build.0 = Debug|Any CPU
		{EE00AE40-1DE0-45A7-9BFC-B5E45D749251}.Release|Any CPU.ActiveCfg = Release|Any CPU
		{EE00AE40-1DE0-45A7-9BFC-B5E45D749251}.Release|Any CPU.Build.0 = Release|Any CPU
		{0B56D45E-EAB6-4B21-81A2-1A9954EED99D}.Debug|Any CPU.ActiveCfg = Debug|Any CPU
		{0B56D45E-EAB6-4B21-81A2-1A9954EED99D}.Debug|Any CPU.Build.0 = Debug|Any CPU
		{0B56D45E-EAB6-4B21-81A2-1A9954EED99D}.Release|Any CPU.ActiveCfg = Release|Any CPU
		{0B56D45E-EAB6-4B21-81A2-1A9954EED99D}.Release|Any CPU.Build.0 = Release|Any CPU
		{A693E99D-C109-41DC-B0D4-AFF652EE6CD6}.Debug|Any CPU.ActiveCfg = Debug|Any CPU
		{A693E99D-C109-41DC-B0D4-AFF652EE6CD6}.Debug|Any CPU.Build.0 = Debug|Any CPU
		{A693E99D-C109-41DC-B0D4-AFF652EE6CD6}.Release|Any CPU.ActiveCfg = Release|Any CPU
		{A693E99D-C109-41DC-B0D4-AFF652EE6CD6}.Release|Any CPU.Build.0 = Release|Any CPU
		{AC1A2F0A-1673-4BC4-BD60-9C2D55016336}.Debug|Any CPU.ActiveCfg = Debug|Any CPU
		{AC1A2F0A-1673-4BC4-BD60-9C2D55016336}.Debug|Any CPU.Build.0 = Debug|Any CPU
		{AC1A2F0A-1673-4BC4-BD60-9C2D55016336}.Release|Any CPU.ActiveCfg = Release|Any CPU
		{AC1A2F0A-1673-4BC4-BD60-9C2D55016336}.Release|Any CPU.Build.0 = Release|Any CPU
		{E2E31D02-362D-48CB-8CA6-9F215A3ED605}.Debug|Any CPU.ActiveCfg = Debug|Any CPU
		{E2E31D02-362D-48CB-8CA6-9F215A3ED605}.Debug|Any CPU.Build.0 = Debug|Any CPU
		{E2E31D02-362D-48CB-8CA6-9F215A3ED605}.Release|Any CPU.ActiveCfg = Release|Any CPU
		{E2E31D02-362D-48CB-8CA6-9F215A3ED605}.Release|Any CPU.Build.0 = Release|Any CPU
	EndGlobalSection
	GlobalSection(SolutionProperties) = preSolution
		HideSolutionNode = FALSE
	EndGlobalSection
	GlobalSection(NestedProjects) = preSolution
		{7153413A-4E80-4FE1-BD67-595A077B4B98} = {C2F5AD15-92D6-44A5-9304-1C27050CBE1C}
		{EE00AE40-1DE0-45A7-9BFC-B5E45D749251} = {7153413A-4E80-4FE1-BD67-595A077B4B98}
		{0B56D45E-EAB6-4B21-81A2-1A9954EED99D} = {7153413A-4E80-4FE1-BD67-595A077B4B98}
		{A693E99D-C109-41DC-B0D4-AFF652EE6CD6} = {7153413A-4E80-4FE1-BD67-595A077B4B98}
		{AC1A2F0A-1673-4BC4-BD60-9C2D55016336} = {7153413A-4E80-4FE1-BD67-595A077B4B98}
		{E2E31D02-362D-48CB-8CA6-9F215A3ED605} = {7153413A-4E80-4FE1-BD67-595A077B4B98}
	EndGlobalSection
	GlobalSection(ExtensibilityGlobals) = postSolution
		SolutionGuid = {D2B9DB03-0DA0-48EF-81CD-5E2671CAA463}
	EndGlobalSection
EndGlobal
